{
  "name": "html2image-cdp",
  "version": "1.0.4",
  "lockfileVersion": 1,
  "requires": true,
  "dependencies": {
    "accepts": {
      "version": "1.3.4",
      "resolved": "http://registry.npm.taobao.org/accepts/download/accepts-1.3.4.tgz",
      "integrity": "sha1-hiRnWMfdbSGmR0/whKR0DsBesh8=",
      "requires": {
        "mime-types": "~2.1.16",
        "negotiator": "0.6.1"
      }
    },
    "any-promise": {
      "version": "1.3.0",
      "resolved": "http://registry.npm.taobao.org/any-promise/download/any-promise-1.3.0.tgz",
      "integrity": "sha1-q8av7tzqUugJzcA3au0845Y10X8="
    },
    "async-limiter": {
      "version": "1.0.0",
      "resolved": "http://registry.npm.taobao.org/async-limiter/download/async-limiter-1.0.0.tgz",
      "integrity": "sha1-ePrtjD0HSrgfIrTphdeehzj3IPg="
    },
    "bluebird": {
      "version": "3.5.1",
      "resolved": "http://registry.npm.taobao.org/bluebird/download/bluebird-3.5.1.tgz",
      "integrity": "sha1-2VUfnemPH82h5oPRfukaBgLuLrk="
    },
    "bytes": {
      "version": "2.5.0",
      "resolved": "http://registry.npm.taobao.org/bytes/download/bytes-2.5.0.tgz",
      "integrity": "sha1-TJQj6i0lLCcMQbK97+/5u2tiwGo="
    },
    "caw": {
      "version": "2.0.1",
      "resolved": "http://registry.npm.taobao.org/caw/download/caw-2.0.1.tgz",
      "integrity": "sha1-bDygcfwZRyCIPC3F2psHS/x+npU=",
      "requires": {
        "get-proxy": "^2.0.0",
        "isurl": "^1.0.0-alpha5",
        "tunnel-agent": "^0.6.0",
        "url-to-options": "^1.0.1"
      }
    },
    "chownr": {
      "version": "1.0.1",
      "resolved": "http://registry.npm.taobao.org/chownr/download/chownr-1.0.1.tgz",
      "integrity": "sha1-4qdQQqlVGQi+vSW4Uj1fl2nXkYE="
    },
    "chrome-remote-interface": {
      "version": "0.25.6",
      "resolved": "http://registry.npm.taobao.org/chrome-remote-interface/download/chrome-remote-interface-0.25.6.tgz",
      "integrity": "sha1-FyvILYcJGirpBxGntslA2mTOMu8=",
      "requires": {
        "commander": "2.11.x",
        "ws": "3.3.x"
      }
    },
    "co": {
      "version": "4.6.0",
      "resolved": "http://registry.npm.taobao.org/co/download/co-4.6.0.tgz",
      "integrity": "sha1-bqa989hTrlTMuOR7+gvz+QMfsYQ="
    },
    "co-body": {
      "version": "5.1.1",
      "resolved": "http://registry.npm.taobao.org/co-body/download/co-body-5.1.1.tgz",
      "integrity": "sha1-2XeB0eM0S6SoIP0YBr3fg0FQUjY=",
      "requires": {
        "inflation": "^2.0.0",
        "qs": "^6.4.0",
        "raw-body": "^2.2.0",
        "type-is": "^1.6.14"
      }
    },
    "color": {
      "version": "2.0.0",
      "resolved": "http://registry.npm.taobao.org/color/download/color-2.0.0.tgz",
      "integrity": "sha1-4MmXLR6WmFcASxAeqlXOq1lh1n0=",
      "requires": {
        "color-convert": "^1.8.2",
        "color-string": "^1.4.0"
      }
    },
    "color-convert": {
      "version": "1.9.0",
      "resolved": "http://registry.npm.taobao.org/color-convert/download/color-convert-1.9.0.tgz",
      "integrity": "sha1-Gsz5fdc5uYO/mU1W/sj5WFNkG3o=",
      "requires": {
        "color-name": "^1.1.1"
      }
    },
    "color-name": {
      "version": "1.1.3",
      "resolved": "http://registry.npm.taobao.org/color-name/download/color-name-1.1.3.tgz",
      "integrity": "sha1-p9BVi9icQveV3UIyj3QIMcpTvCU="
    },
    "color-string": {
      "version": "1.5.2",
      "resolved": "http://registry.npm.taobao.org/color-string/download/color-string-1.5.2.tgz",
      "integrity": "sha1-JuRYFLw8mny9Z1FkikFDRRSnc6k=",
      "requires": {
        "color-name": "^1.0.0",
        "simple-swizzle": "^0.2.2"
      }
    },
    "commander": {
      "version": "2.11.0",
      "resolved": "http://registry.npm.taobao.org/commander/download/commander-2.11.0.tgz",
      "integrity": "sha1-FXFS/R56bI2YpbcVzzdt+SgARWM="
    },
    "composition": {
      "version": "2.3.0",
      "resolved": "http://registry.npm.taobao.org/composition/download/composition-2.3.0.tgz",
      "integrity": "sha1-dCgFN0yrVQxSCjNmL1pzLgII1vI=",
      "requires": {
        "any-promise": "^1.1.0",
        "co": "^4.0.2"
      }
    },
    "config-chain": {
      "version": "1.1.11",
      "resolved": "http://registry.npm.taobao.org/config-chain/download/config-chain-1.1.11.tgz",
      "integrity": "sha1-q6CXR9++TD5w52am5BWG4YWfxvI=",
      "requires": {
        "ini": "^1.3.4",
        "proto-list": "~1.2.1"
      }
    },
    "content-disposition": {
      "version": "0.5.2",
      "resolved": "http://registry.npm.taobao.org/content-disposition/download/content-disposition-0.5.2.tgz",
      "integrity": "sha1-DPaLud318r55YcOoUXjLhdunjLQ="
    },
    "content-type": {
      "version": "1.0.4",
      "resolved": "http://registry.npm.taobao.org/content-type/download/content-type-1.0.4.tgz",
      "integrity": "sha1-4TjMdeBAxyexlm/l5fjJruJW/js="
    },
    "cookies": {
      "version": "0.7.1",
      "resolved": "http://registry.npm.taobao.org/cookies/download/cookies-0.7.1.tgz",
      "integrity": "sha1-fIphX1SBxhq58WyDNzG8uPZjuZs=",
      "requires": {
        "depd": "~1.1.1",
        "keygrip": "~1.0.2"
      }
    },
    "copy-to": {
      "version": "2.0.1",
      "resolved": "http://registry.npm.taobao.org/copy-to/download/copy-to-2.0.1.tgz",
      "integrity": "sha1-JoD7uAaKSNCGVrYJgJK9r8kG9KU="
    },
    "debug": {
      "version": "2.6.9",
      "resolved": "http://registry.npm.taobao.org/debug/download/debug-2.6.9.tgz",
      "integrity": "sha1-XRKFFd8TT/Mn6QpMk/Tgd6U2NB8=",
      "requires": {
        "ms": "2.0.0"
      }
    },
    "decompress-response": {
      "version": "3.3.0",
      "resolved": "http://registry.npm.taobao.org/decompress-response/download/decompress-response-3.3.0.tgz",
      "integrity": "sha1-gKTdMjdIOEv6JICDYirt7Jgq3/M=",
      "requires": {
        "mimic-response": "^1.0.0"
      }
    },
    "deep-equal": {
      "version": "1.0.1",
      "resolved": "http://registry.npm.taobao.org/deep-equal/download/deep-equal-1.0.1.tgz",
      "integrity": "sha1-9dJgKStmDghO/0zbyfCK0yR0SLU="
    },
    "delegates": {
      "version": "1.0.0",
      "resolved": "http://registry.npm.taobao.org/delegates/download/delegates-1.0.0.tgz",
      "integrity": "sha1-hMbhWbgZBP3KWaDvRM2HDTElD5o="
    },
    "depd": {
      "version": "1.1.1",
      "resolved": "http://registry.npm.taobao.org/depd/download/depd-1.1.1.tgz",
      "integrity": "sha1-V4O04cRZ8G+lyif5kfPQbnoxA1k="
    },
    "destroy": {
      "version": "1.0.4",
      "resolved": "http://registry.npm.taobao.org/destroy/download/destroy-1.0.4.tgz",
      "integrity": "sha1-l4hXRCxEdJ5CBmE+N5RiBYJqvYA="
    },
    "detect-libc": {
      "version": "0.2.0",
      "resolved": "http://registry.npm.taobao.org/detect-libc/download/detect-libc-0.2.0.tgz",
      "integrity": "sha1-R/31ZzSKF+wl/L8LnkRjSKdvn7U="
    },
    "dotenv": {
      "version": "4.0.0",
      "resolved": "http://registry.npm.taobao.org/dotenv/download/dotenv-4.0.0.tgz",
      "integrity": "sha1-hk7xN5rO1Vzm+V3r7NzhefegzR0="
    },
    "dotenv-safe": {
      "version": "4.0.4",
      "resolved": "http://registry.npm.taobao.org/dotenv-safe/download/dotenv-safe-4.0.4.tgz",
      "integrity": "sha1-iw587Y5wsdPF2HTvlCDkBvOUJbM=",
      "requires": {
        "dotenv": "^4.0.0"
      }
    },
    "ee-first": {
      "version": "1.1.1",
      "resolved": "http://registry.npm.taobao.org/ee-first/download/ee-first-1.1.1.tgz",
      "integrity": "sha1-WQxhFWsK4vTwJVcyoViyZrxWsh0="
    },
    "error-inject": {
      "version": "1.0.0",
      "resolved": "http://registry.npm.taobao.org/error-inject/download/error-inject-1.0.0.tgz",
      "integrity": "sha1-4rPZG1Su1nLzCdlQ0VSFD6EdTzc="
    },
    "escape-html": {
      "version": "1.0.3",
      "resolved": "http://registry.npm.taobao.org/escape-html/download/escape-html-1.0.3.tgz",
      "integrity": "sha1-Aljq5NPQwJdN4cFpGI7wBR0dGYg="
    },
    "fresh": {
      "version": "0.5.2",
      "resolved": "http://registry.npm.taobao.org/fresh/download/fresh-0.5.2.tgz",
      "integrity": "sha1-PYyt2Q2XZWn6g1qx+OSyOhBWBac="
    },
    "fs-extra": {
      "version": "5.0.0",
      "resolved": "http://registry.npm.taobao.org/fs-extra/download/fs-extra-5.0.0.tgz",
      "integrity": "sha1-QU0BEM3QZwVzTQVWUsVBEmDDGr0=",
      "requires": {
        "graceful-fs": "^4.1.2",
        "jsonfile": "^4.0.0",
        "universalify": "^0.1.0"
      }
    },
    "get-proxy": {
      "version": "2.1.0",
      "resolved": "http://registry.npm.taobao.org/get-proxy/download/get-proxy-2.1.0.tgz",
      "integrity": "sha1-NJ8rTZHUTE1NTpy6KtkBQ/rF75M=",
      "requires": {
        "npm-conf": "^1.1.0"
      }
    },
    "graceful-fs": {
      "version": "4.1.11",
      "resolved": "http://registry.npm.taobao.org/graceful-fs/download/graceful-fs-4.1.11.tgz",
      "integrity": "sha1-Dovf5NHduIVNZOBOp8AOKgJuVlg="
    },
    "has-symbol-support-x": {
      "version": "1.4.1",
      "resolved": "http://registry.npm.taobao.org/has-symbol-support-x/download/has-symbol-support-x-1.4.1.tgz",
      "integrity": "sha1-ZuwuN34MfXzO2wejqE13UQ/xvEw="
    },
    "has-to-string-tag-x": {
      "version": "1.4.1",
      "resolved": "http://registry.npm.taobao.org/has-to-string-tag-x/download/has-to-string-tag-x-1.4.1.tgz",
      "integrity": "sha1-oEWrOD17SyASoAFIqwql8pAETU0=",
      "requires": {
        "has-symbol-support-x": "^1.4.1"
      }
    },
    "hlg-logger": {
      "version": "0.0.6",
      "resolved": "http://registry.npm.taobao.org/hlg-logger/download/hlg-logger-0.0.6.tgz",
      "integrity": "sha1-A5FtUhZqXHFWxWji970Zb7KKBWY=",
      "requires": {
        "debug": "^2.2.0",
        "lodash": "^4.15.0"
      }
    },
    "http-assert": {
      "version": "1.3.0",
      "resolved": "http://registry.npm.taobao.org/http-assert/download/http-assert-1.3.0.tgz",
      "integrity": "sha1-oxpc+IyHPsu1eWkH1NbxMujAHko=",
      "requires": {
        "deep-equal": "~1.0.1",
        "http-errors": "~1.6.1"
      }
    },
    "http-errors": {
      "version": "1.6.2",
      "resolved": "http://registry.npm.taobao.org/http-errors/download/http-errors-1.6.2.tgz",
      "integrity": "sha1-CgAsyFcHGSp+eUbO7cERVfYOxzY=",
      "requires": {
        "depd": "1.1.1",
        "inherits": "2.0.3",
        "setprototypeof": "1.0.3",
        "statuses": ">= 1.3.1 < 2"
      }
    },
    "iconv-lite": {
      "version": "0.4.18",
      "resolved": "http://registry.npm.taobao.org/iconv-lite/download/iconv-lite-0.4.18.tgz",
      "integrity": "sha1-I9hlaxaq5nQqwpcy6o8DNqR4nPI="
    },
    "inflation": {
      "version": "2.0.0",
      "resolved": "http://registry.npm.taobao.org/inflation/download/inflation-2.0.0.tgz",
      "integrity": "sha1-i0F+R8KPklpFEz2RTKH9OJEH8w8="
    },
    "inherits": {
      "version": "2.0.3",
      "resolved": "http://registry.npm.taobao.org/inherits/download/inherits-2.0.3.tgz",
      "integrity": "sha1-Yzwsg+PaQqUC9SRmAiSA9CCCYd4="
    },
    "ini": {
      "version": "1.3.4",
      "resolved": "http://registry.npm.taobao.org/ini/download/ini-1.3.4.tgz",
      "integrity": "sha1-BTfLedr1m1mhpRff9wbIbsA5Fi4="
    },
    "is-arrayish": {
      "version": "0.3.1",
      "resolved": "http://registry.npm.taobao.org/is-arrayish/download/is-arrayish-0.3.1.tgz",
      "integrity": "sha1-wt/DhquqDD4zxI2z/ocFnmkGXv0="
    },
    "is-object": {
      "version": "1.0.1",
      "resolved": "http://registry.npm.taobao.org/is-object/download/is-object-1.0.1.tgz",
      "integrity": "sha1-iVJojF7C/9awPsyF52ngKQMINHA="
    },
    "isarray": {
      "version": "0.0.1",
      "resolved": "http://registry.npm.taobao.org/isarray/download/isarray-0.0.1.tgz",
      "integrity": "sha1-ihis/Kmo9Bd+Cav8YDiTmwXR7t8="
    },
    "isurl": {
      "version": "1.0.0",
      "resolved": "http://registry.npm.taobao.org/isurl/download/isurl-1.0.0.tgz",
      "integrity": "sha1-sn9PSfPNqj6kSgpbfzRi5u3DnWc=",
      "requires": {
        "has-to-string-tag-x": "^1.2.0",
        "is-object": "^1.0.1"
      }
    },
    "jsonfile": {
      "version": "4.0.0",
      "resolved": "http://registry.npm.taobao.org/jsonfile/download/jsonfile-4.0.0.tgz",
      "integrity": "sha1-h3Gq4HmbZAdrdmQPygWPnBDjPss=",
      "requires": {
        "graceful-fs": "^4.1.6"
      }
    },
    "keygrip": {
      "version": "1.0.2",
      "resolved": "http://registry.npm.taobao.org/keygrip/download/keygrip-1.0.2.tgz",
      "integrity": "sha1-rTKXxVcGneqLz+ek+kkbdcXd65E="
    },
    "koa": {
      "version": "1.4.1",
      "resolved": "http://registry.npm.taobao.org/koa/download/koa-1.4.1.tgz",
      "integrity": "sha1-T0BL6c/zzj0Eu9wi5RaPEWpLlis=",
      "requires": {
        "accepts": "^1.2.2",
        "co": "^4.4.0",
        "composition": "^2.1.1",
        "content-disposition": "~0.5.0",
        "content-type": "^1.0.0",
        "cookies": "~0.7.0",
        "debug": "*",
        "delegates": "^1.0.0",
        "destroy": "^1.0.3",
        "error-inject": "~1.0.0",
        "escape-html": "~1.0.1",
        "fresh": "^0.5.2",
        "http-assert": "^1.1.0",
        "http-errors": "^1.2.8",
        "koa-compose": "^2.3.0",
        "koa-is-json": "^1.0.0",
        "mime-types": "^2.0.7",
        "on-finished": "^2.1.0",
        "only": "0.0.2",
        "parseurl": "^1.3.0",
        "statuses": "^1.2.0",
        "type-is": "^1.5.5",
        "vary": "^1.0.0"
      }
    },
    "koa-bodyparser": {
      "version": "2.5.0",
      "resolved": "http://registry.npm.taobao.org/koa-bodyparser/download/koa-bodyparser-2.5.0.tgz",
      "integrity": "sha1-PrckP0eZii53LbBfbcTg9PPMvfA=",
      "requires": {
        "co-body": "^5.1.0",
        "copy-to": "^2.0.1"
      }
    },
    "koa-compose": {
      "version": "2.5.1",
      "resolved": "http://registry.npm.taobao.org/koa-compose/download/koa-compose-2.5.1.tgz",
      "integrity": "sha1-cmz7F2lN5cufvwPArfFyMD+D8VY="
    },
    "koa-favicon": {
      "version": "1.2.1",
      "resolved": "http://registry.npm.taobao.org/koa-favicon/download/koa-favicon-1.2.1.tgz",
      "integrity": "sha1-wAGm222m1xJyuT+1uSTDkhlIIdA=",
      "requires": {
        "mz": "^2.0.0"
      }
    },
    "koa-is-json": {
      "version": "1.0.0",
      "resolved": "http://registry.npm.taobao.org/koa-is-json/download/koa-is-json-1.0.0.tgz",
      "integrity": "sha1-JzwH7c3Ljfaiwat9We52SRRR7BQ="
    },
    "koa-onerror": {
      "version": "3.1.0",
      "resolved": "http://registry.npm.taobao.org/koa-onerror/download/koa-onerror-3.1.0.tgz",
      "integrity": "sha1-EwgrRH+cIIR/o8ozWop/EDVJexM="
    },
    "koa-router": {
      "version": "5.4.2",
      "resolved": "http://registry.npm.taobao.org/koa-router/download/koa-router-5.4.2.tgz",
      "integrity": "sha1-Tb26fnFZU9VobAO3w/29IUYx+HA=",
      "requires": {
        "co": "^4.6.0",
        "debug": "^2.2.0",
        "http-errors": "^1.3.1",
        "methods": "^1.0.1",
        "path-to-regexp": "^1.1.1"
      }
    },
    "lodash": {
      "version": "4.17.4",
      "resolved": "http://registry.npm.taobao.org/lodash/download/lodash-4.17.4.tgz",
      "integrity": "sha1-eCA6TRwyiuHYbcpkYONptX9AVa4="
    },
    "media-typer": {
      "version": "0.3.0",
      "resolved": "http://registry.npm.taobao.org/media-typer/download/media-typer-0.3.0.tgz",
      "integrity": "sha1-hxDXrwqmJvj/+hzgAWhUUmMlV0g="
    },
    "methods": {
      "version": "1.1.2",
      "resolved": "http://registry.npm.taobao.org/methods/download/methods-1.1.2.tgz",
      "integrity": "sha1-VSmk1nZUE07cxSZmVoNbD4Ua/O4="
    },
    "mime-db": {
      "version": "1.29.0",
      "resolved": "http://registry.npm.taobao.org/mime-db/download/mime-db-1.29.0.tgz",
      "integrity": "sha1-SNJtI1WJZRcErFkWygYAGRQmaHg="
    },
    "mime-types": {
      "version": "2.1.16",
      "resolved": "http://registry.npm.taobao.org/mime-types/download/mime-types-2.1.16.tgz",
      "integrity": "sha1-K4WKUuXs1RbbiXrCvodIeDBpjiM=",
      "requires": {
        "mime-db": "~1.29.0"
      }
    },
    "mimic-response": {
      "version": "1.0.0",
      "resolved": "http://registry.npm.taobao.org/mimic-response/download/mimic-response-1.0.0.tgz",
      "integrity": "sha1-3z02Uqc/3ta5sLJBRub9BSNTRY4="
    },
    "minimist": {
      "version": "0.0.8",
      "resolved": "http://registry.npm.taobao.org/minimist/download/minimist-0.0.8.tgz",
      "integrity": "sha1-hX/Kv8M5fSYluCKCYuhqp6ARsF0="
    },
    "minipass": {
      "version": "2.2.1",
      "resolved": "http://registry.npm.taobao.org/minipass/download/minipass-2.2.1.tgz",
      "integrity": "sha1-WtqXU4sQJ7TPchNDJChXjLVkAR8=",
      "requires": {
        "yallist": "^3.0.0"
      }
    },
    "minizlib": {
      "version": "1.0.4",
      "resolved": "http://registry.npm.taobao.org/minizlib/download/minizlib-1.0.4.tgz",
      "integrity": "sha1-jrtR3Yu+QLASa1Yz27NrKEovUjw=",
      "requires": {
        "minipass": "^2.2.1"
      }
    },
    "mkdirp": {
      "version": "0.5.1",
      "resolved": "http://registry.npm.taobao.org/mkdirp/download/mkdirp-0.5.1.tgz",
      "integrity": "sha1-MAV0OOrGz3+MR2fzhkjWaX11yQM=",
      "requires": {
        "minimist": "0.0.8"
      }
    },
    "ms": {
      "version": "2.0.0",
      "resolved": "http://registry.npm.taobao.org/ms/download/ms-2.0.0.tgz",
      "integrity": "sha1-VgiurfwAvmwpAd9fmGF4jeDVl8g="
    },
    "mz": {
      "version": "2.6.0",
      "resolved": "http://registry.npm.taobao.org/mz/download/mz-2.6.0.tgz",
      "integrity": "sha1-yLhSHZWN8KTydoAl22nHGe5O8c4=",
      "requires": {
        "any-promise": "^1.0.0",
        "object-assign": "^4.0.1",
        "thenify-all": "^1.0.0"
      }
    },
    "nan": {
      "version": "2.7.0",
      "resolved": "http://registry.npm.taobao.org/nan/download/nan-2.7.0.tgz",
      "integrity": "sha1-2Vv3IeyHfgjbJ27T/G63j5CDrUY="
    },
    "negotiator": {
      "version": "0.6.1",
      "resolved": "http://registry.npm.taobao.org/negotiator/download/negotiator-0.6.1.tgz",
      "integrity": "sha1-KzJxhOiZIQEXeyhWP7XnECrNDKk="
    },
    "npm-conf": {
      "version": "1.1.2",
      "resolved": "http://registry.npm.taobao.org/npm-conf/download/npm-conf-1.1.2.tgz",
      "integrity": "sha1-FwosSKDGrQSV8D+HrsLaEe9HpSU=",
      "requires": {
        "config-chain": "^1.1.11",
        "pify": "^3.0.0"
      }
    },
    "object-assign": {
      "version": "4.1.1",
      "resolved": "http://registry.npm.taobao.org/object-assign/download/object-assign-4.1.1.tgz",
      "integrity": "sha1-IQmtx5ZYh8/AXLvUQsrIv7s2CGM="
    },
    "on-finished": {
      "version": "2.3.0",
      "resolved": "http://registry.npm.taobao.org/on-finished/download/on-finished-2.3.0.tgz",
      "integrity": "sha1-IPEzZIGwg811M3mSoWlxqi2QaUc=",
      "requires": {
        "ee-first": "1.1.1"
      }
    },
    "once": {
      "version": "1.4.0",
      "resolved": "http://registry.npm.taobao.org/once/download/once-1.4.0.tgz",
      "integrity": "sha1-WDsap3WWHUsROsF9nFC6753Xa9E=",
      "requires": {
        "wrappy": "1"
      }
    },
    "only": {
      "version": "0.0.2",
      "resolved": "http://registry.npm.taobao.org/only/download/only-0.0.2.tgz",
      "integrity": "sha1-Kv3oTQPlC5qO3EROMGEKcCle37Q="
    },
    "parseurl": {
      "version": "1.3.2",
      "resolved": "http://registry.npm.taobao.org/parseurl/download/parseurl-1.3.2.tgz",
      "integrity": "sha1-/CidTtiZMRlGDBViUyYs3I3mW/M="
    },
    "path-to-regexp": {
      "version": "1.7.0",
      "resolved": "http://registry.npm.taobao.org/path-to-regexp/download/path-to-regexp-1.7.0.tgz",
      "integrity": "sha1-Wf3g9DW62suhA6hOnTvGTpa5k30=",
      "requires": {
        "isarray": "0.0.1"
      }
    },
    "pify": {
      "version": "3.0.0",
      "resolved": "http://registry.npm.taobao.org/pify/download/pify-3.0.0.tgz",
      "integrity": "sha1-5aSs0sEB/fPZpNB/DbxNtJ3SgXY="
    },
    "proto-list": {
      "version": "1.2.4",
      "resolved": "http://registry.npm.taobao.org/proto-list/download/proto-list-1.2.4.tgz",
      "integrity": "sha1-IS1b/hMYMGpCD2QCuOJv85ZHqEk="
    },
    "qs": {
      "version": "6.5.0",
      "resolved": "http://registry.npm.taobao.org/qs/download/qs-6.5.0.tgz",
      "integrity": "sha1-jQSVTTZN7z78VbWgeT4eLIsebkk="
    },
    "raw-body": {
      "version": "2.3.0",
      "resolved": "http://registry.npm.taobao.org/raw-body/download/raw-body-2.3.0.tgz",
      "integrity": "sha1-95zhrKyrpbY2LTNFTXhdcSn0vGc=",
      "requires": {
        "bytes": "2.5.0",
        "http-errors": "1.6.1",
        "iconv-lite": "0.4.18",
        "unpipe": "1.0.0"
      },
      "dependencies": {
        "depd": {
          "version": "1.1.0",
          "resolved": "http://registry.npm.taobao.org/depd/download/depd-1.1.0.tgz",
          "integrity": "sha1-4b2Cxqq2ztlluXuIsX7T5SjKGMM="
        },
        "http-errors": {
          "version": "1.6.1",
          "resolved": "http://registry.npm.taobao.org/http-errors/download/http-errors-1.6.1.tgz",
          "integrity": "sha1-X4uO2YrKVFZWv1cplzh/kEpyIlc=",
          "requires": {
            "depd": "1.1.0",
            "inherits": "2.0.3",
            "setprototypeof": "1.0.3",
            "statuses": ">= 1.3.1 < 2"
          }
        }
      }
    },
    "safe-buffer": {
      "version": "5.1.1",
      "resolved": "http://registry.npm.taobao.org/safe-buffer/download/safe-buffer-5.1.1.tgz",
      "integrity": "sha1-iTMSr2myEj3vcfV4iQAWce6yyFM="
    },
    "semver": {
      "version": "5.4.1",
      "resolved": "http://registry.npm.taobao.org/semver/download/semver-5.4.1.tgz",
      "integrity": "sha1-4FnAnYVx8FQII3M0M1BdOi8AsY4="
    },
    "setprototypeof": {
      "version": "1.0.3",
      "resolved": "http://registry.npm.taobao.org/setprototypeof/download/setprototypeof-1.0.3.tgz",
      "integrity": "sha1-ZlZ+NwQ+608E2RvWWMDL77VbjgQ="
    },
    "sharp": {
      "version": "0.18.4",
      "resolved": "http://registry.npm.taobao.org/sharp/download/sharp-0.18.4.tgz",
      "integrity": "sha1-/jKcDwaJbCiqJDdt8f/wKuV/LTQ=",
      "requires": {
        "caw": "^2.0.0",
        "color": "^2.0.0",
        "detect-libc": "^0.2.0",
        "nan": "^2.6.2",
        "semver": "^5.3.0",
        "simple-get": "^2.7.0",
        "tar": "^3.1.5"
      }
    },
    "simple-concat": {
      "version": "1.0.0",
      "resolved": "http://registry.npm.taobao.org/simple-concat/download/simple-concat-1.0.0.tgz",
      "integrity": "sha1-c0TLuLbib7J9ZrL8hvn21Zl1IcY="
    },
    "simple-get": {
      "version": "2.7.0",
      "resolved": "http://registry.npm.taobao.org/simple-get/download/simple-get-2.7.0.tgz",
      "integrity": "sha1-rTf5JtCBKSN/8IxPLt/W8Q4DgLU=",
      "requires": {
        "decompress-response": "^3.3.0",
        "once": "^1.3.1",
        "simple-concat": "^1.0.0"
      }
    },
    "simple-swizzle": {
      "version": "0.2.2",
      "resolved": "http://registry.npm.taobao.org/simple-swizzle/download/simple-swizzle-0.2.2.tgz",
      "integrity": "sha1-pNprY1/8zMoz9w0Xy5JZLeleVXo=",
      "requires": {
        "is-arrayish": "^0.3.1"
      }
    },
    "statuses": {
      "version": "1.3.1",
      "resolved": "http://registry.npm.taobao.org/statuses/download/statuses-1.3.1.tgz",
      "integrity": "sha1-+vUbnrdKrvOzrPStX2Gr8ky3uT4="
    },
    "tar": {
      "version": "3.2.1",
      "resolved": "http://registry.npm.taobao.org/tar/download/tar-3.2.1.tgz",
      "integrity": "sha1-mqjkHIjwnnbBZgdbxx+T1RZuYbE=",
      "requires": {
        "chownr": "^1.0.1",
        "minipass": "^2.0.2",
        "minizlib": "^1.0.3",
        "mkdirp": "^0.5.0",
        "yallist": "^3.0.2"
      }
    },
    "thenify": {
      "version": "3.3.0",
      "resolved": "http://registry.npm.taobao.org/thenify/download/thenify-3.3.0.tgz",
      "integrity": "sha1-5p44obq+lpsBCCB5eLn2K4hgSDk=",
      "requires": {
        "any-promise": "^1.0.0"
      }
    },
    "thenify-all": {
      "version": "1.6.0",
      "resolved": "http://registry.npm.taobao.org/thenify-all/download/thenify-all-1.6.0.tgz",
      "integrity": "sha1-GhkY1ALY/D+Y+/I02wvMjMEOlyY=",
      "requires": {
        "thenify": ">= 3.1.0 < 4"
      }
    },
    "tunnel-agent": {
      "version": "0.6.0",
      "resolved": "http://registry.npm.taobao.org/tunnel-agent/download/tunnel-agent-0.6.0.tgz",
      "integrity": "sha1-J6XeoGs2sEoKmWZ3SykIaPD8QP0=",
      "requires": {
        "safe-buffer": "^5.0.1"
      }
    },
    "type-is": {
      "version": "1.6.15",
      "resolved": "http://registry.npm.taobao.org/type-is/download/type-is-1.6.15.tgz",
      "integrity": "sha1-yrEPtJCeRByChC6v4a1kbIGARBA=",
      "requires": {
        "media-typer": "0.3.0",
        "mime-types": "~2.1.15"
      }
    },
    "ultron": {
      "version": "1.1.1",
      "resolved": "http://registry.npm.taobao.org/ultron/download/ultron-1.1.1.tgz",
      "integrity": "sha1-n+FTahCmZKZSZqHjzPhf02MCvJw="
    },
    "universalify": {
      "version": "0.1.1",
      "resolved": "http://registry.npm.taobao.org/universalify/download/universalify-0.1.1.tgz",
      "integrity": "sha1-+nG63UQ3r0wUiEHjs7Fl+enlkLc="
    },
    "unpipe": {
      "version": "1.0.0",
      "resolved": "http://registry.npm.taobao.org/unpipe/download/unpipe-1.0.0.tgz",
      "integrity": "sha1-sr9O6FFKrmFltIF4KdIbLvSZBOw="
    },
    "url-to-options": {
      "version": "1.0.1",
      "resolved": "http://registry.npm.taobao.org/url-to-options/download/url-to-options-1.0.1.tgz",
      "integrity": "sha1-FQWgOiiaSMvXpDTvuu7FBV9WM6k="
    },
    "vary": {
      "version": "1.1.2",
      "resolved": "http://registry.npm.taobao.org/vary/download/vary-1.1.2.tgz",
      "integrity": "sha1-IpnwLG3tMNSllhsLn3RSShj2NPw="
    },
    "wrappy": {
      "version": "1.0.2",
      "resolved": "http://registry.npm.taobao.org/wrappy/download/wrappy-1.0.2.tgz",
      "integrity": "sha1-tSQ9jz7BqjXxNkYFvA0QNuMKtp8="
    },
    "ws": {
      "version": "3.3.3",
      "resolved": "http://registry.npm.taobao.org/ws/download/ws-3.3.3.tgz",
      "integrity": "sha1-8c+E/i1ekB686U767OeF8YeiKPI=",
      "requires": {
        "async-limiter": "~1.0.0",
        "safe-buffer": "~5.1.0",
        "ultron": "~1.1.0"
      }
    },
    "yallist": {
      "version": "3.0.2",
      "resolved": "http://registry.npm.taobao.org/yallist/download/yallist-3.0.2.tgz",
      "integrity": "sha1-hFK0u36Dx8GI2AQcGoN8dz1ti7k="
    }
  }
}
