{
  "name": "html2image-cdp",
  "version": "0.0.1",
  "lockfileVersion": 1,
  "requires": true,
  "dependencies": {
    "accepts": {
      "version": "https://registry.npm.taobao.org/accepts/download/accepts-1.3.3.tgz",
      "integrity": "sha1-w8p0NJOGSMPg2cHjKN1otiLChMo=",
      "requires": {
        "mime-types": "https://registry.npm.taobao.org/mime-types/download/mime-types-2.1.15.tgz",
        "negotiator": "https://registry.npm.taobao.org/negotiator/download/negotiator-0.6.1.tgz"
      }
    },
    "any-promise": {
      "version": "https://registry.npm.taobao.org/any-promise/download/any-promise-1.3.0.tgz",
      "integrity": "sha1-q8av7tzqUugJzcA3au0845Y10X8="
    },
    "balanced-match": {
      "version": "https://registry.npm.taobao.org/balanced-match/download/balanced-match-0.4.2.tgz",
      "integrity": "sha1-yz8+PHMtwPAe5wtAPzAuYddwmDg="
    },
    "block-stream": {
      "version": "https://registry.npm.taobao.org/block-stream/download/block-stream-0.0.9.tgz",
      "integrity": "sha1-E+v+d4oDIFz+A3UUgeu0szAMEmo=",
      "requires": {
        "inherits": "https://registry.npm.taobao.org/inherits/download/inherits-2.0.1.tgz"
      }
    },
    "bluebird": {
      "version": "https://registry.npm.taobao.org/bluebird/download/bluebird-3.5.0.tgz",
      "integrity": "sha1-eRQg1/VR7qKJdFOop3ZT+WYG1nw="
    },
    "brace-expansion": {
      "version": "https://registry.npm.taobao.org/brace-expansion/download/brace-expansion-1.1.7.tgz",
      "integrity": "sha1-Pv/DxQ4ABTH7cg6v+A8K6O8jz1k=",
      "requires": {
        "balanced-match": "https://registry.npm.taobao.org/balanced-match/download/balanced-match-0.4.2.tgz",
        "concat-map": "https://registry.npm.taobao.org/concat-map/download/concat-map-0.0.1.tgz"
      }
    },
    "bytes": {
      "version": "https://registry.npm.taobao.org/bytes/download/bytes-2.4.0.tgz",
      "integrity": "sha1-fZcZb51br39pNeJZhVSe3SpsIzk="
    },
    "capture-stack-trace": {
      "version": "https://registry.npm.taobao.org/capture-stack-trace/download/capture-stack-trace-1.0.0.tgz",
      "integrity": "sha1-Sm+gc5nCa7pH8LJJa00PtAjFVQ0="
    },
    "caw": {
      "version": "https://registry.npm.taobao.org/caw/download/caw-2.0.0.tgz",
      "integrity": "sha1-Efi93C+AFGmVLV4yJbqYSVovoP8=",
      "requires": {
        "get-proxy": "https://registry.npm.taobao.org/get-proxy/download/get-proxy-1.1.0.tgz",
        "tunnel-agent": "https://registry.npm.taobao.org/tunnel-agent/download/tunnel-agent-0.4.3.tgz"
      }
    },
    "chrome-remote-interface": {
      "version": "https://registry.npm.taobao.org/chrome-remote-interface/download/chrome-remote-interface-0.22.0.tgz",
      "integrity": "sha1-kamHwlKSn4g/YNmL8Hnxui04cLA=",
      "requires": {
        "commander": "https://registry.npm.taobao.org/commander/download/commander-2.1.0.tgz",
        "ws": "https://registry.npm.taobao.org/ws/download/ws-2.0.3.tgz"
      }
    },
    "co": {
      "version": "https://registry.npm.taobao.org/co/download/co-4.6.0.tgz",
      "integrity": "sha1-bqa989hTrlTMuOR7+gvz+QMfsYQ="
    },
    "co-body": {
      "version": "https://registry.npm.taobao.org/co-body/download/co-body-5.1.1.tgz",
      "integrity": "sha1-2XeB0eM0S6SoIP0YBr3fg0FQUjY=",
      "requires": {
        "inflation": "https://registry.npm.taobao.org/inflation/download/inflation-2.0.0.tgz",
        "qs": "https://registry.npm.taobao.org/qs/download/qs-6.4.0.tgz",
        "raw-body": "https://registry.npm.taobao.org/raw-body/download/raw-body-2.2.0.tgz",
        "type-is": "https://registry.npm.taobao.org/type-is/download/type-is-1.6.15.tgz"
      }
    },
    "color": {
      "version": "https://registry.npm.taobao.org/color/download/color-1.0.3.tgz",
      "integrity": "sha1-5I6DLYXxTvaU+0aIEcLVz+cptV0=",
      "requires": {
        "color-convert": "https://registry.npm.taobao.org/color-convert/download/color-convert-1.9.0.tgz",
        "color-string": "https://registry.npm.taobao.org/color-string/download/color-string-1.5.2.tgz"
      }
    },
    "color-convert": {
      "version": "https://registry.npm.taobao.org/color-convert/download/color-convert-1.9.0.tgz",
      "integrity": "sha1-Gsz5fdc5uYO/mU1W/sj5WFNkG3o=",
      "requires": {
        "color-name": "https://registry.npm.taobao.org/color-name/download/color-name-1.1.2.tgz"
      }
    },
    "color-name": {
      "version": "https://registry.npm.taobao.org/color-name/download/color-name-1.1.2.tgz",
      "integrity": "sha1-XIq3K2S9IhXWF66VWeuxSEdc+Y0="
    },
    "color-string": {
      "version": "https://registry.npm.taobao.org/color-string/download/color-string-1.5.2.tgz",
      "integrity": "sha1-JuRYFLw8mny9Z1FkikFDRRSnc6k=",
      "requires": {
        "color-name": "https://registry.npm.taobao.org/color-name/download/color-name-1.1.2.tgz",
        "simple-swizzle": "https://registry.npm.taobao.org/simple-swizzle/download/simple-swizzle-0.2.2.tgz"
      }
    },
    "commander": {
      "version": "https://registry.npm.taobao.org/commander/download/commander-2.1.0.tgz",
      "integrity": "sha1-0SG7roYNmZKj1Re6lvVliOR8Z4E="
    },
    "composition": {
      "version": "https://registry.npm.taobao.org/composition/download/composition-2.3.0.tgz",
      "integrity": "sha1-dCgFN0yrVQxSCjNmL1pzLgII1vI=",
      "requires": {
        "any-promise": "https://registry.npm.taobao.org/any-promise/download/any-promise-1.3.0.tgz",
        "co": "https://registry.npm.taobao.org/co/download/co-4.6.0.tgz"
      }
    },
    "concat-map": {
      "version": "https://registry.npm.taobao.org/concat-map/download/concat-map-0.0.1.tgz",
      "integrity": "sha1-2Klr13/Wjfd5OnMDajug1UBdR3s="
    },
    "content-disposition": {
      "version": "https://registry.npm.taobao.org/content-disposition/download/content-disposition-0.5.2.tgz",
      "integrity": "sha1-DPaLud318r55YcOoUXjLhdunjLQ="
    },
    "content-type": {
      "version": "https://registry.npm.taobao.org/content-type/download/content-type-1.0.2.tgz",
      "integrity": "sha1-t9ETrueo3Se9IRM8TcJSnfFyHu0="
    },
    "cookies": {
      "version": "https://registry.npm.taobao.org/cookies/download/cookies-0.7.0.tgz",
      "integrity": "sha1-C8lh2RDDUlSYD8fJ7/XaEgEbvwA=",
      "requires": {
        "depd": "https://registry.npm.taobao.org/depd/download/depd-1.1.0.tgz",
        "keygrip": "https://registry.npm.taobao.org/keygrip/download/keygrip-1.0.1.tgz"
      }
    },
    "copy-to": {
      "version": "https://registry.npm.taobao.org/copy-to/download/copy-to-2.0.1.tgz",
      "integrity": "sha1-JoD7uAaKSNCGVrYJgJK9r8kG9KU="
    },
    "create-error-class": {
      "version": "https://registry.npm.taobao.org/create-error-class/download/create-error-class-3.0.2.tgz",
      "integrity": "sha1-Br56vvlHo/FKMP1hBnHUAbyot7Y=",
      "requires": {
        "capture-stack-trace": "https://registry.npm.taobao.org/capture-stack-trace/download/capture-stack-trace-1.0.0.tgz"
      }
    },
    "debug": {
      "version": "https://registry.npm.taobao.org/debug/download/debug-2.6.8.tgz",
      "integrity": "sha1-5zFTHKLt4n0YgiJCfaF4IdaP9Pw=",
      "requires": {
        "ms": "https://registry.npm.taobao.org/ms/download/ms-2.0.0.tgz"
      }
    },
    "deep-equal": {
      "version": "https://registry.npm.taobao.org/deep-equal/download/deep-equal-1.0.1.tgz",
      "integrity": "sha1-9dJgKStmDghO/0zbyfCK0yR0SLU="
    },
    "deep-extend": {
      "version": "https://registry.npm.taobao.org/deep-extend/download/deep-extend-0.4.2.tgz",
      "integrity": "sha1-SLaZwn4zS/ifEIkr5DL25MfTSn8="
    },
    "delegates": {
      "version": "https://registry.npm.taobao.org/delegates/download/delegates-1.0.0.tgz",
      "integrity": "sha1-hMbhWbgZBP3KWaDvRM2HDTElD5o="
    },
    "depd": {
      "version": "https://registry.npm.taobao.org/depd/download/depd-1.1.0.tgz",
      "integrity": "sha1-4b2Cxqq2ztlluXuIsX7T5SjKGMM="
    },
    "destroy": {
      "version": "https://registry.npm.taobao.org/destroy/download/destroy-1.0.4.tgz",
      "integrity": "sha1-l4hXRCxEdJ5CBmE+N5RiBYJqvYA="
    },
    "dotenv": {
      "version": "https://registry.npm.taobao.org/dotenv/download/dotenv-4.0.0.tgz",
      "integrity": "sha1-hk7xN5rO1Vzm+V3r7NzhefegzR0="
    },
    "dotenv-safe": {
      "version": "https://registry.npm.taobao.org/dotenv-safe/download/dotenv-safe-4.0.4.tgz",
      "integrity": "sha1-iw587Y5wsdPF2HTvlCDkBvOUJbM=",
      "requires": {
        "dotenv": "https://registry.npm.taobao.org/dotenv/download/dotenv-4.0.0.tgz"
      }
    },
    "duplexer3": {
      "version": "https://registry.npm.taobao.org/duplexer3/download/duplexer3-0.1.4.tgz",
      "integrity": "sha1-7gHdHKwO08vH/b6jfcCo8c4ALOI="
    },
    "ee-first": {
      "version": "https://registry.npm.taobao.org/ee-first/download/ee-first-1.1.1.tgz",
      "integrity": "sha1-WQxhFWsK4vTwJVcyoViyZrxWsh0="
    },
    "error-inject": {
      "version": "https://registry.npm.taobao.org/error-inject/download/error-inject-1.0.0.tgz",
      "integrity": "sha1-4rPZG1Su1nLzCdlQ0VSFD6EdTzc="
    },
    "escape-html": {
      "version": "https://registry.npm.taobao.org/escape-html/download/escape-html-1.0.3.tgz",
      "integrity": "sha1-Aljq5NPQwJdN4cFpGI7wBR0dGYg="
    },
    "fresh": {
      "version": "https://registry.npm.taobao.org/fresh/download/fresh-0.3.0.tgz",
      "integrity": "sha1-ZR+DjiJCTnVm3hYdg1jKoZn4PU8="
    },
    "fs-extra": {
      "version": "https://registry.npm.taobao.org/fs-extra/download/fs-extra-2.1.2.tgz",
      "integrity": "sha1-BGxwFjzvmq1GsOSn+kZ/si1x3jU=",
      "requires": {
        "graceful-fs": "https://registry.npm.taobao.org/graceful-fs/download/graceful-fs-4.1.11.tgz",
        "jsonfile": "https://registry.npm.taobao.org/jsonfile/download/jsonfile-2.4.0.tgz"
      }
    },
    "fs-promise": {
      "version": "https://registry.npm.taobao.org/fs-promise/download/fs-promise-2.0.3.tgz",
      "integrity": "sha1-9k5PhUvPaJqovdy6JokW2z20aFQ=",
      "requires": {
        "any-promise": "https://registry.npm.taobao.org/any-promise/download/any-promise-1.3.0.tgz",
        "fs-extra": "https://registry.npm.taobao.org/fs-extra/download/fs-extra-2.1.2.tgz",
        "mz": "https://registry.npm.taobao.org/mz/download/mz-2.6.0.tgz",
        "thenify-all": "https://registry.npm.taobao.org/thenify-all/download/thenify-all-1.6.0.tgz"
      }
    },
    "fs.realpath": {
      "version": "https://registry.npm.taobao.org/fs.realpath/download/fs.realpath-1.0.0.tgz",
      "integrity": "sha1-FQStJSMVjKpA20onh8sBQRmU6k8="
    },
    "fstream": {
      "version": "https://registry.npm.taobao.org/fstream/download/fstream-1.0.11.tgz",
      "integrity": "sha1-XB+x8RdHcRTwYyoOtLcbPLD9MXE=",
      "requires": {
        "graceful-fs": "https://registry.npm.taobao.org/graceful-fs/download/graceful-fs-4.1.11.tgz",
        "inherits": "https://registry.npm.taobao.org/inherits/download/inherits-2.0.1.tgz",
        "mkdirp": "https://registry.npm.taobao.org/mkdirp/download/mkdirp-0.5.1.tgz",
        "rimraf": "https://registry.npm.taobao.org/rimraf/download/rimraf-2.6.1.tgz"
      }
    },
    "get-proxy": {
      "version": "https://registry.npm.taobao.org/get-proxy/download/get-proxy-1.1.0.tgz",
      "integrity": "sha1-iUhUSRvFkbDxR9euVw9cZ4tyVus=",
      "requires": {
        "rc": "https://registry.npm.taobao.org/rc/download/rc-1.2.1.tgz"
      }
    },
    "get-stream": {
      "version": "https://registry.npm.taobao.org/get-stream/download/get-stream-3.0.0.tgz",
      "integrity": "sha1-jpQ9E1jcN1VQVOy+LtsFqhdO3hQ="
    },
    "glob": {
      "version": "https://registry.npm.taobao.org/glob/download/glob-7.1.2.tgz",
      "integrity": "sha1-wZyd+aAocC1nhhI4SmVSQExjbRU=",
      "requires": {
        "fs.realpath": "https://registry.npm.taobao.org/fs.realpath/download/fs.realpath-1.0.0.tgz",
        "inflight": "https://registry.npm.taobao.org/inflight/download/inflight-1.0.6.tgz",
        "inherits": "https://registry.npm.taobao.org/inherits/download/inherits-2.0.1.tgz",
        "minimatch": "https://registry.npm.taobao.org/minimatch/download/minimatch-3.0.4.tgz",
        "once": "https://registry.npm.taobao.org/once/download/once-1.4.0.tgz",
        "path-is-absolute": "https://registry.npm.taobao.org/path-is-absolute/download/path-is-absolute-1.0.1.tgz"
      }
    },
    "got": {
      "version": "https://registry.npm.taobao.org/got/download/got-6.7.1.tgz",
      "integrity": "sha1-JAzQV4WpoY5WHcG0S0HHY+8ejbA=",
      "requires": {
        "create-error-class": "https://registry.npm.taobao.org/create-error-class/download/create-error-class-3.0.2.tgz",
        "duplexer3": "https://registry.npm.taobao.org/duplexer3/download/duplexer3-0.1.4.tgz",
        "get-stream": "https://registry.npm.taobao.org/get-stream/download/get-stream-3.0.0.tgz",
        "is-redirect": "https://registry.npm.taobao.org/is-redirect/download/is-redirect-1.0.0.tgz",
        "is-retry-allowed": "https://registry.npm.taobao.org/is-retry-allowed/download/is-retry-allowed-1.1.0.tgz",
        "is-stream": "https://registry.npm.taobao.org/is-stream/download/is-stream-1.1.0.tgz",
        "lowercase-keys": "https://registry.npm.taobao.org/lowercase-keys/download/lowercase-keys-1.0.0.tgz",
        "safe-buffer": "https://registry.npm.taobao.org/safe-buffer/download/safe-buffer-5.0.1.tgz",
        "timed-out": "https://registry.npm.taobao.org/timed-out/download/timed-out-4.0.1.tgz",
        "unzip-response": "https://registry.npm.taobao.org/unzip-response/download/unzip-response-2.0.1.tgz",
        "url-parse-lax": "https://registry.npm.taobao.org/url-parse-lax/download/url-parse-lax-1.0.0.tgz"
      }
    },
    "graceful-fs": {
      "version": "https://registry.npm.taobao.org/graceful-fs/download/graceful-fs-4.1.11.tgz",
      "integrity": "sha1-Dovf5NHduIVNZOBOp8AOKgJuVlg="
    },
    "hlg-logger": {
      "version": "http://registry.npm.taobao.org/hlg-logger/download/hlg-logger-0.0.6.tgz",
      "integrity": "sha1-A5FtUhZqXHFWxWji970Zb7KKBWY=",
      "requires": {
        "debug": "https://registry.npm.taobao.org/debug/download/debug-2.6.8.tgz",
        "lodash": "https://registry.npm.taobao.org/lodash/download/lodash-4.17.4.tgz"
      }
    },
    "http-assert": {
      "version": "https://registry.npm.taobao.org/http-assert/download/http-assert-1.2.0.tgz",
      "integrity": "sha1-1jkub2UZ3vTjQCZrNQltttP+ugA=",
      "requires": {
        "deep-equal": "https://registry.npm.taobao.org/deep-equal/download/deep-equal-1.0.1.tgz",
        "http-errors": "https://registry.npm.taobao.org/http-errors/download/http-errors-1.4.0.tgz"
      },
      "dependencies": {
        "http-errors": {
          "version": "https://registry.npm.taobao.org/http-errors/download/http-errors-1.4.0.tgz",
          "integrity": "sha1-bAJC3qaz33r9oVPHEImzHG6Cqr8=",
          "requires": {
            "inherits": "https://registry.npm.taobao.org/inherits/download/inherits-2.0.1.tgz",
            "statuses": "https://registry.npm.taobao.org/statuses/download/statuses-1.3.1.tgz"
          }
        }
      }
    },
    "http-errors": {
      "version": "https://registry.npm.taobao.org/http-errors/download/http-errors-1.6.1.tgz",
      "integrity": "sha1-X4uO2YrKVFZWv1cplzh/kEpyIlc=",
      "requires": {
        "depd": "https://registry.npm.taobao.org/depd/download/depd-1.1.0.tgz",
        "inherits": "https://registry.npm.taobao.org/inherits/download/inherits-2.0.3.tgz",
        "setprototypeof": "https://registry.npm.taobao.org/setprototypeof/download/setprototypeof-1.0.3.tgz",
        "statuses": "https://registry.npm.taobao.org/statuses/download/statuses-1.3.1.tgz"
      },
      "dependencies": {
        "inherits": {
          "version": "https://registry.npm.taobao.org/inherits/download/inherits-2.0.3.tgz",
          "integrity": "sha1-Yzwsg+PaQqUC9SRmAiSA9CCCYd4="
        }
      }
    },
    "iconv-lite": {
      "version": "https://registry.npm.taobao.org/iconv-lite/download/iconv-lite-0.4.15.tgz",
      "integrity": "sha1-/iZaIYrGpXz+hUkn6dBMGYJe3es="
    },
    "inflation": {
      "version": "https://registry.npm.taobao.org/inflation/download/inflation-2.0.0.tgz",
      "integrity": "sha1-i0F+R8KPklpFEz2RTKH9OJEH8w8="
    },
    "inflight": {
      "version": "https://registry.npm.taobao.org/inflight/download/inflight-1.0.6.tgz",
      "integrity": "sha1-Sb1jMdfQLQwJvJEKEHW6gWW1bfk=",
      "requires": {
        "once": "https://registry.npm.taobao.org/once/download/once-1.4.0.tgz",
        "wrappy": "https://registry.npm.taobao.org/wrappy/download/wrappy-1.0.2.tgz"
      }
    },
    "inherits": {
      "version": "https://registry.npm.taobao.org/inherits/download/inherits-2.0.1.tgz",
      "integrity": "sha1-sX0I0ya0Qj5Wjv9xn5GwscvfafE="
    },
    "ini": {
      "version": "https://registry.npm.taobao.org/ini/download/ini-1.3.4.tgz",
      "integrity": "sha1-BTfLedr1m1mhpRff9wbIbsA5Fi4="
    },
    "is-arrayish": {
      "version": "https://registry.npm.taobao.org/is-arrayish/download/is-arrayish-0.3.1.tgz",
      "integrity": "sha1-wt/DhquqDD4zxI2z/ocFnmkGXv0="
    },
    "is-redirect": {
      "version": "https://registry.npm.taobao.org/is-redirect/download/is-redirect-1.0.0.tgz",
      "integrity": "sha1-HQPd7VO9jbDzDCbk+V02/HyH3CQ="
    },
    "is-retry-allowed": {
      "version": "https://registry.npm.taobao.org/is-retry-allowed/download/is-retry-allowed-1.1.0.tgz",
      "integrity": "sha1-EaBgVotnM5REAz0BJaYaINVk+zQ="
    },
    "is-stream": {
      "version": "https://registry.npm.taobao.org/is-stream/download/is-stream-1.1.0.tgz",
      "integrity": "sha1-EtSj3U5o4Lec6428hBc66A2RykQ="
    },
    "isarray": {
      "version": "0.0.1",
      "resolved": "http://registry.npm.taobao.org/isarray/download/isarray-0.0.1.tgz",
      "integrity": "sha1-ihis/Kmo9Bd+Cav8YDiTmwXR7t8="
    },
    "jsonfile": {
      "version": "https://registry.npm.taobao.org/jsonfile/download/jsonfile-2.4.0.tgz",
      "integrity": "sha1-NzaitCi4e72gzIO1P6PWM6NcKug=",
      "requires": {
        "graceful-fs": "https://registry.npm.taobao.org/graceful-fs/download/graceful-fs-4.1.11.tgz"
      }
    },
    "keygrip": {
      "version": "https://registry.npm.taobao.org/keygrip/download/keygrip-1.0.1.tgz",
      "integrity": "sha1-sC+kgW7vIajEs1yp5Skh/8iaMOk="
    },
    "koa": {
      "version": "https://registry.npm.taobao.org/koa/download/koa-1.4.0.tgz",
      "integrity": "sha1-X79tkMZq4Si3hnyi5UjOh0NDbXY=",
      "requires": {
        "accepts": "https://registry.npm.taobao.org/accepts/download/accepts-1.3.3.tgz",
        "co": "https://registry.npm.taobao.org/co/download/co-4.6.0.tgz",
        "composition": "https://registry.npm.taobao.org/composition/download/composition-2.3.0.tgz",
        "content-disposition": "https://registry.npm.taobao.org/content-disposition/download/content-disposition-0.5.2.tgz",
        "content-type": "https://registry.npm.taobao.org/content-type/download/content-type-1.0.2.tgz",
        "cookies": "https://registry.npm.taobao.org/cookies/download/cookies-0.7.0.tgz",
        "debug": "https://registry.npm.taobao.org/debug/download/debug-2.6.8.tgz",
        "delegates": "https://registry.npm.taobao.org/delegates/download/delegates-1.0.0.tgz",
        "destroy": "https://registry.npm.taobao.org/destroy/download/destroy-1.0.4.tgz",
        "error-inject": "https://registry.npm.taobao.org/error-inject/download/error-inject-1.0.0.tgz",
        "escape-html": "https://registry.npm.taobao.org/escape-html/download/escape-html-1.0.3.tgz",
        "fresh": "https://registry.npm.taobao.org/fresh/download/fresh-0.3.0.tgz",
        "http-assert": "https://registry.npm.taobao.org/http-assert/download/http-assert-1.2.0.tgz",
        "http-errors": "https://registry.npm.taobao.org/http-errors/download/http-errors-1.6.1.tgz",
        "koa-compose": "https://registry.npm.taobao.org/koa-compose/download/koa-compose-2.5.1.tgz",
        "koa-is-json": "https://registry.npm.taobao.org/koa-is-json/download/koa-is-json-1.0.0.tgz",
        "mime-types": "https://registry.npm.taobao.org/mime-types/download/mime-types-2.1.15.tgz",
        "on-finished": "https://registry.npm.taobao.org/on-finished/download/on-finished-2.3.0.tgz",
        "only": "https://registry.npm.taobao.org/only/download/only-0.0.2.tgz",
        "parseurl": "https://registry.npm.taobao.org/parseurl/download/parseurl-1.3.1.tgz",
        "statuses": "https://registry.npm.taobao.org/statuses/download/statuses-1.3.1.tgz",
        "type-is": "https://registry.npm.taobao.org/type-is/download/type-is-1.6.15.tgz",
        "vary": "https://registry.npm.taobao.org/vary/download/vary-1.1.1.tgz"
      },
      "dependencies": {
        "koa-compose": {
          "version": "https://registry.npm.taobao.org/koa-compose/download/koa-compose-2.5.1.tgz",
          "integrity": "sha1-cmz7F2lN5cufvwPArfFyMD+D8VY="
        }
      }
    },
    "koa-bodyparser": {
      "version": "https://registry.npm.taobao.org/koa-bodyparser/download/koa-bodyparser-2.5.0.tgz",
      "integrity": "sha1-PrckP0eZii53LbBfbcTg9PPMvfA=",
      "requires": {
        "co-body": "https://registry.npm.taobao.org/co-body/download/co-body-5.1.1.tgz",
        "copy-to": "https://registry.npm.taobao.org/copy-to/download/copy-to-2.0.1.tgz"
      }
    },
    "koa-favicon": {
      "version": "https://registry.npm.taobao.org/koa-favicon/download/koa-favicon-1.2.1.tgz",
      "integrity": "sha1-wAGm222m1xJyuT+1uSTDkhlIIdA=",
      "requires": {
        "mz": "https://registry.npm.taobao.org/mz/download/mz-2.6.0.tgz"
      }
    },
    "koa-is-json": {
      "version": "https://registry.npm.taobao.org/koa-is-json/download/koa-is-json-1.0.0.tgz",
      "integrity": "sha1-JzwH7c3Ljfaiwat9We52SRRR7BQ="
    },
    "koa-onerror": {
      "version": "https://registry.npm.taobao.org/koa-onerror/download/koa-onerror-3.1.0.tgz",
      "integrity": "sha1-EwgrRH+cIIR/o8ozWop/EDVJexM="
    },
    "koa-router": {
      "version": "5.4.2",
      "resolved": "http://registry.npm.taobao.org/koa-router/download/koa-router-5.4.2.tgz",
      "integrity": "sha1-Tb26fnFZU9VobAO3w/29IUYx+HA=",
      "requires": {
        "co": "https://registry.npm.taobao.org/co/download/co-4.6.0.tgz",
        "debug": "https://registry.npm.taobao.org/debug/download/debug-2.6.8.tgz",
        "http-errors": "https://registry.npm.taobao.org/http-errors/download/http-errors-1.6.1.tgz",
        "methods": "1.1.2",
        "path-to-regexp": "1.7.0"
      }
    },
    "koa-send": {
      "version": "https://registry.npm.taobao.org/koa-send/download/koa-send-3.3.0.tgz",
      "integrity": "sha1-WkriRVZGgMbs9geeknX6UXOoYdw=",
      "requires": {
        "co": "https://registry.npm.taobao.org/co/download/co-4.6.0.tgz",
        "debug": "https://registry.npm.taobao.org/debug/download/debug-2.6.8.tgz",
        "mz": "https://registry.npm.taobao.org/mz/download/mz-2.6.0.tgz",
        "resolve-path": "https://registry.npm.taobao.org/resolve-path/download/resolve-path-1.3.3.tgz"
      }
    },
    "lodash": {
      "version": "https://registry.npm.taobao.org/lodash/download/lodash-4.17.4.tgz",
      "integrity": "sha1-eCA6TRwyiuHYbcpkYONptX9AVa4="
    },
    "lowercase-keys": {
      "version": "https://registry.npm.taobao.org/lowercase-keys/download/lowercase-keys-1.0.0.tgz",
      "integrity": "sha1-TjNms55/VFfjXxMkvfb4jQv8cwY="
    },
    "media-typer": {
      "version": "https://registry.npm.taobao.org/media-typer/download/media-typer-0.3.0.tgz",
      "integrity": "sha1-hxDXrwqmJvj/+hzgAWhUUmMlV0g="
    },
    "methods": {
      "version": "1.1.2",
      "resolved": "http://registry.npm.taobao.org/methods/download/methods-1.1.2.tgz",
      "integrity": "sha1-VSmk1nZUE07cxSZmVoNbD4Ua/O4="
    },
    "mime-db": {
      "version": "https://registry.npm.taobao.org/mime-db/download/mime-db-1.27.0.tgz",
      "integrity": "sha1-gg9XIpa70g7CXtVeW13oaeVDbrE="
    },
    "mime-types": {
      "version": "https://registry.npm.taobao.org/mime-types/download/mime-types-2.1.15.tgz",
      "integrity": "sha1-pOv1BkCUVpI3uM9wBGd20J/JKu0=",
      "requires": {
        "mime-db": "https://registry.npm.taobao.org/mime-db/download/mime-db-1.27.0.tgz"
      }
    },
    "minimatch": {
      "version": "https://registry.npm.taobao.org/minimatch/download/minimatch-3.0.4.tgz",
      "integrity": "sha1-UWbihkV/AzBgZL5Ul+jbsMPTIIM=",
      "requires": {
        "brace-expansion": "https://registry.npm.taobao.org/brace-expansion/download/brace-expansion-1.1.7.tgz"
      }
    },
    "minimist": {
      "version": "https://registry.npm.taobao.org/minimist/download/minimist-1.2.0.tgz",
      "integrity": "sha1-o1AIsg9BOD7sH7kU9M1d95omQoQ="
    },
    "mkdirp": {
      "version": "https://registry.npm.taobao.org/mkdirp/download/mkdirp-0.5.1.tgz",
      "integrity": "sha1-MAV0OOrGz3+MR2fzhkjWaX11yQM=",
      "requires": {
        "minimist": "https://registry.npm.taobao.org/minimist/download/minimist-0.0.8.tgz"
      },
      "dependencies": {
        "minimist": {
          "version": "https://registry.npm.taobao.org/minimist/download/minimist-0.0.8.tgz",
          "integrity": "sha1-hX/Kv8M5fSYluCKCYuhqp6ARsF0="
        }
      }
    },
    "ms": {
      "version": "https://registry.npm.taobao.org/ms/download/ms-2.0.0.tgz",
      "integrity": "sha1-VgiurfwAvmwpAd9fmGF4jeDVl8g="
    },
    "mz": {
      "version": "https://registry.npm.taobao.org/mz/download/mz-2.6.0.tgz",
      "integrity": "sha1-yLhSHZWN8KTydoAl22nHGe5O8c4=",
      "requires": {
        "any-promise": "https://registry.npm.taobao.org/any-promise/download/any-promise-1.3.0.tgz",
        "object-assign": "https://registry.npm.taobao.org/object-assign/download/object-assign-4.1.1.tgz",
        "thenify-all": "https://registry.npm.taobao.org/thenify-all/download/thenify-all-1.6.0.tgz"
      }
    },
    "nan": {
      "version": "https://registry.npm.taobao.org/nan/download/nan-2.6.2.tgz",
      "integrity": "sha1-5P805slf37WuzAjeZZb0NgWn20U="
    },
    "negotiator": {
      "version": "https://registry.npm.taobao.org/negotiator/download/negotiator-0.6.1.tgz",
      "integrity": "sha1-KzJxhOiZIQEXeyhWP7XnECrNDKk="
    },
    "object-assign": {
      "version": "https://registry.npm.taobao.org/object-assign/download/object-assign-4.1.1.tgz",
      "integrity": "sha1-IQmtx5ZYh8/AXLvUQsrIv7s2CGM="
    },
    "on-finished": {
      "version": "https://registry.npm.taobao.org/on-finished/download/on-finished-2.3.0.tgz",
      "integrity": "sha1-IPEzZIGwg811M3mSoWlxqi2QaUc=",
      "requires": {
        "ee-first": "https://registry.npm.taobao.org/ee-first/download/ee-first-1.1.1.tgz"
      }
    },
    "once": {
      "version": "https://registry.npm.taobao.org/once/download/once-1.4.0.tgz",
      "integrity": "sha1-WDsap3WWHUsROsF9nFC6753Xa9E=",
      "requires": {
        "wrappy": "https://registry.npm.taobao.org/wrappy/download/wrappy-1.0.2.tgz"
      }
    },
    "only": {
      "version": "https://registry.npm.taobao.org/only/download/only-0.0.2.tgz",
      "integrity": "sha1-Kv3oTQPlC5qO3EROMGEKcCle37Q="
    },
    "parseurl": {
      "version": "https://registry.npm.taobao.org/parseurl/download/parseurl-1.3.1.tgz",
      "integrity": "sha1-yKuMkiO6NIiKpkopeyiFO+wY2lY="
    },
    "path-is-absolute": {
      "version": "https://registry.npm.taobao.org/path-is-absolute/download/path-is-absolute-1.0.1.tgz",
      "integrity": "sha1-F0uSaHNVNP+8es5r9TpanhtcX18="
    },
    "path-to-regexp": {
      "version": "1.7.0",
      "resolved": "http://registry.npm.taobao.org/path-to-regexp/download/path-to-regexp-1.7.0.tgz",
      "integrity": "sha1-Wf3g9DW62suhA6hOnTvGTpa5k30=",
      "requires": {
        "isarray": "0.0.1"
      }
    },
    "prepend-http": {
      "version": "https://registry.npm.taobao.org/prepend-http/download/prepend-http-1.0.4.tgz",
      "integrity": "sha1-1PRWKwzjaW5BrFLQ4ALlemNdxtw="
    },
    "qs": {
      "version": "https://registry.npm.taobao.org/qs/download/qs-6.4.0.tgz",
      "integrity": "sha1-E+JtKK1rD/qpExLNO/cI7TUecjM="
    },
    "raw-body": {
      "version": "https://registry.npm.taobao.org/raw-body/download/raw-body-2.2.0.tgz",
      "integrity": "sha1-mUl2z2pQlqQRYoQEkvC9xdbn+5Y=",
      "requires": {
        "bytes": "https://registry.npm.taobao.org/bytes/download/bytes-2.4.0.tgz",
        "iconv-lite": "https://registry.npm.taobao.org/iconv-lite/download/iconv-lite-0.4.15.tgz",
        "unpipe": "https://registry.npm.taobao.org/unpipe/download/unpipe-1.0.0.tgz"
      }
    },
    "rc": {
      "version": "https://registry.npm.taobao.org/rc/download/rc-1.2.1.tgz",
      "integrity": "sha1-LgPo5C7kULjLPc5lvhv4l04d/ZU=",
      "requires": {
        "deep-extend": "https://registry.npm.taobao.org/deep-extend/download/deep-extend-0.4.2.tgz",
        "ini": "https://registry.npm.taobao.org/ini/download/ini-1.3.4.tgz",
        "minimist": "https://registry.npm.taobao.org/minimist/download/minimist-1.2.0.tgz",
        "strip-json-comments": "https://registry.npm.taobao.org/strip-json-comments/download/strip-json-comments-2.0.1.tgz"
      }
    },
    "resolve-path": {
      "version": "https://registry.npm.taobao.org/resolve-path/download/resolve-path-1.3.3.tgz",
      "integrity": "sha1-TYOrpkaMK45jKldeP1Kw+g2+Glw=",
      "requires": {
        "http-errors": "https://registry.npm.taobao.org/http-errors/download/http-errors-1.5.1.tgz",
        "path-is-absolute": "https://registry.npm.taobao.org/path-is-absolute/download/path-is-absolute-1.0.1.tgz"
      },
      "dependencies": {
        "http-errors": {
          "version": "https://registry.npm.taobao.org/http-errors/download/http-errors-1.5.1.tgz",
          "integrity": "sha1-eIwNLB3iyBuebowBhDtrl+uSB1A=",
          "requires": {
            "inherits": "https://registry.npm.taobao.org/inherits/download/inherits-2.0.3.tgz",
            "setprototypeof": "https://registry.npm.taobao.org/setprototypeof/download/setprototypeof-1.0.2.tgz",
            "statuses": "https://registry.npm.taobao.org/statuses/download/statuses-1.3.1.tgz"
          }
        },
        "inherits": {
          "version": "https://registry.npm.taobao.org/inherits/download/inherits-2.0.3.tgz",
          "integrity": "sha1-Yzwsg+PaQqUC9SRmAiSA9CCCYd4="
        },
        "setprototypeof": {
          "version": "https://registry.npm.taobao.org/setprototypeof/download/setprototypeof-1.0.2.tgz",
          "integrity": "sha1-gaVSFB7BBLiOic44MQOtXGZWTQg="
        }
      }
    },
    "rimraf": {
      "version": "https://registry.npm.taobao.org/rimraf/download/rimraf-2.6.1.tgz",
      "integrity": "sha1-wjOOxkPfeht/5cVPqG9XQopV8z0=",
      "requires": {
        "glob": "https://registry.npm.taobao.org/glob/download/glob-7.1.2.tgz"
      }
    },
    "safe-buffer": {
      "version": "https://registry.npm.taobao.org/safe-buffer/download/safe-buffer-5.0.1.tgz",
      "integrity": "sha1-0mPKVGls2KMGtcplUekt5XkY++c="
    },
    "semver": {
      "version": "https://registry.npm.taobao.org/semver/download/semver-5.3.0.tgz",
      "integrity": "sha1-myzl094C0XxgEq0yaqa00M9U+U8="
    },
    "setprototypeof": {
      "version": "https://registry.npm.taobao.org/setprototypeof/download/setprototypeof-1.0.3.tgz",
      "integrity": "sha1-ZlZ+NwQ+608E2RvWWMDL77VbjgQ="
    },
    "sharp": {
      "version": "https://registry.npm.taobao.org/sharp/download/sharp-0.17.3.tgz",
      "integrity": "sha1-SEzSpwyQA3CUjcxD4WX3gwa/9Io=",
      "requires": {
        "caw": "https://registry.npm.taobao.org/caw/download/caw-2.0.0.tgz",
        "color": "https://registry.npm.taobao.org/color/download/color-1.0.3.tgz",
        "got": "https://registry.npm.taobao.org/got/download/got-6.7.1.tgz",
        "nan": "https://registry.npm.taobao.org/nan/download/nan-2.6.2.tgz",
        "semver": "https://registry.npm.taobao.org/semver/download/semver-5.3.0.tgz",
        "tar": "https://registry.npm.taobao.org/tar/download/tar-2.2.1.tgz"
      }
    },
    "simple-swizzle": {
      "version": "https://registry.npm.taobao.org/simple-swizzle/download/simple-swizzle-0.2.2.tgz",
      "integrity": "sha1-pNprY1/8zMoz9w0Xy5JZLeleVXo=",
      "requires": {
        "is-arrayish": "https://registry.npm.taobao.org/is-arrayish/download/is-arrayish-0.3.1.tgz"
      }
    },
    "statuses": {
      "version": "https://registry.npm.taobao.org/statuses/download/statuses-1.3.1.tgz",
      "integrity": "sha1-+vUbnrdKrvOzrPStX2Gr8ky3uT4="
    },
    "strip-json-comments": {
      "version": "https://registry.npm.taobao.org/strip-json-comments/download/strip-json-comments-2.0.1.tgz",
      "integrity": "sha1-PFMZQukIwml8DsNEhYwobHygpgo="
    },
    "tar": {
      "version": "https://registry.npm.taobao.org/tar/download/tar-2.2.1.tgz",
      "integrity": "sha1-jk0qJWwOIYXGsYrWlK7JaLg8sdE=",
      "requires": {
        "block-stream": "https://registry.npm.taobao.org/block-stream/download/block-stream-0.0.9.tgz",
        "fstream": "https://registry.npm.taobao.org/fstream/download/fstream-1.0.11.tgz",
        "inherits": "https://registry.npm.taobao.org/inherits/download/inherits-2.0.1.tgz"
      }
    },
    "thenify": {
      "version": "https://registry.npm.taobao.org/thenify/download/thenify-3.2.1.tgz",
      "integrity": "sha1-JR/RyAr/blz1fLF5qx/LckJpvRE=",
      "requires": {
        "any-promise": "https://registry.npm.taobao.org/any-promise/download/any-promise-1.3.0.tgz"
      }
    },
    "thenify-all": {
      "version": "https://registry.npm.taobao.org/thenify-all/download/thenify-all-1.6.0.tgz",
      "integrity": "sha1-GhkY1ALY/D+Y+/I02wvMjMEOlyY=",
      "requires": {
        "thenify": "https://registry.npm.taobao.org/thenify/download/thenify-3.2.1.tgz"
      }
    },
    "timed-out": {
      "version": "https://registry.npm.taobao.org/timed-out/download/timed-out-4.0.1.tgz",
      "integrity": "sha1-8y6srFoXW+ol1/q1Zas+2HQe9W8="
    },
    "tunnel-agent": {
      "version": "https://registry.npm.taobao.org/tunnel-agent/download/tunnel-agent-0.4.3.tgz",
      "integrity": "sha1-Y3PbdpCf5XDgjXNYM2Xtgop07us="
    },
    "type-is": {
      "version": "https://registry.npm.taobao.org/type-is/download/type-is-1.6.15.tgz",
      "integrity": "sha1-yrEPtJCeRByChC6v4a1kbIGARBA=",
      "requires": {
        "media-typer": "https://registry.npm.taobao.org/media-typer/download/media-typer-0.3.0.tgz",
        "mime-types": "https://registry.npm.taobao.org/mime-types/download/mime-types-2.1.15.tgz"
      }
    },
    "ultron": {
      "version": "https://registry.npm.taobao.org/ultron/download/ultron-1.1.0.tgz",
      "integrity": "sha1-sHoualQagV/Go0zNRTO67DB8qGQ="
    },
    "unpipe": {
      "version": "https://registry.npm.taobao.org/unpipe/download/unpipe-1.0.0.tgz",
      "integrity": "sha1-sr9O6FFKrmFltIF4KdIbLvSZBOw="
    },
    "unzip-response": {
      "version": "https://registry.npm.taobao.org/unzip-response/download/unzip-response-2.0.1.tgz",
      "integrity": "sha1-0vD3N9FrBhXnKmk17QQhRXLVb5c="
    },
    "url-parse-lax": {
      "version": "https://registry.npm.taobao.org/url-parse-lax/download/url-parse-lax-1.0.0.tgz",
      "integrity": "sha1-evjzA2Rem9eaJy56FKxovAYJ2nM=",
      "requires": {
        "prepend-http": "https://registry.npm.taobao.org/prepend-http/download/prepend-http-1.0.4.tgz"
      }
    },
    "vary": {
      "version": "https://registry.npm.taobao.org/vary/download/vary-1.1.1.tgz",
      "integrity": "sha1-Z1Neu2lMHVIldFeYRmUyP1h+jTc="
    },
    "wrappy": {
      "version": "https://registry.npm.taobao.org/wrappy/download/wrappy-1.0.2.tgz",
      "integrity": "sha1-tSQ9jz7BqjXxNkYFvA0QNuMKtp8="
    },
    "ws": {
      "version": "https://registry.npm.taobao.org/ws/download/ws-2.0.3.tgz",
      "integrity": "sha1-Uy/UmcP319cg5UPx+AcQbPxX2cs=",
      "requires": {
        "ultron": "https://registry.npm.taobao.org/ultron/download/ultron-1.1.0.tgz"
      }
    }
  }
}
